// !$*UTF8*$!
{
	archiveVersion = 1;
	classes = {
	};
	objectVersion = 55;
	objects = {

/* Begin PBXBuildFile section */
		3083D80C286F296300307E7D /* AppDelegate.swift in Sources */ = {isa = PBXBuildFile; fileRef = 3083D80B286F296300307E7D /* AppDelegate.swift */; };
		3083D80E286F296300307E7D /* SceneDelegate.swift in Sources */ = {isa = PBXBuildFile; fileRef = 3083D80D286F296300307E7D /* SceneDelegate.swift */; };
		3083D810286F296300307E7D /* MainTabBarViewController.swift in Sources */ = {isa = PBXBuildFile; fileRef = 3083D80F286F296300307E7D /* MainTabBarViewController.swift */; };
		3083D815286F296600307E7D /* Assets.xcassets in Resources */ = {isa = PBXBuildFile; fileRef = 3083D814286F296600307E7D /* Assets.xcassets */; };
		3083D818286F296600307E7D /* LaunchScreen.storyboard in Resources */ = {isa = PBXBuildFile; fileRef = 3083D816286F296600307E7D /* LaunchScreen.storyboard */; };
		3083D820286F31DA00307E7D /* Color Extentions.swift in Sources */ = {isa = PBXBuildFile; fileRef = 3083D81F286F31DA00307E7D /* Color Extentions.swift */; };
		3083D82A286F5C1100307E7D /* BrainViewController.swift in Sources */ = {isa = PBXBuildFile; fileRef = 3083D829286F5C1100307E7D /* BrainViewController.swift */; };
		3083D82C286F5E1F00307E7D /* EyesViewController.swift in Sources */ = {isa = PBXBuildFile; fileRef = 3083D82B286F5E1F00307E7D /* EyesViewController.swift */; };
		3083D82E286F5EF000307E7D /* NoseViewController.swift in Sources */ = {isa = PBXBuildFile; fileRef = 3083D82D286F5EF000307E7D /* NoseViewController.swift */; };
		3083D830286F5F6700307E7D /* MouthViewController.swift in Sources */ = {isa = PBXBuildFile; fileRef = 3083D82F286F5F6700307E7D /* MouthViewController.swift */; };
/* End PBXBuildFile section */

/* Begin PBXFileReference section */
		3083D808286F296300307E7D /* Custom TabBar.app */ = {isa = PBXFileReference; explicitFileType = wrapper.application; includeInIndex = 0; path = "Custom TabBar.app"; sourceTree = BUILT_PRODUCTS_DIR; };
		3083D80B286F296300307E7D /* AppDelegate.swift */ = {isa = PBXFileReference; lastKnownFileType = sourcecode.swift; path = AppDelegate.swift; sourceTree = "<group>"; };
		3083D80D286F296300307E7D /* SceneDelegate.swift */ = {isa = PBXFileReference; lastKnownFileType = sourcecode.swift; path = SceneDelegate.swift; sourceTree = "<group>"; };
		3083D80F286F296300307E7D /* MainTabBarViewController.swift */ = {isa = PBXFileReference; lastKnownFileType = sourcecode.swift; path = MainTabBarViewController.swift; sourceTree = "<group>"; };
		3083D814286F296600307E7D /* Assets.xcassets */ = {isa = PBXFileReference; lastKnownFileType = folder.assetcatalog; path = Assets.xcassets; sourceTree = "<group>"; };
		3083D817286F296600307E7D /* Base */ = {isa = PBXFileReference; lastKnownFileType = file.storyboard; name = Base; path = Base.lproj/LaunchScreen.storyboard; sourceTree = "<group>"; };
		3083D819286F296600307E7D /* Info.plist */ = {isa = PBXFileReference; lastKnownFileType = text.plist.xml; path = Info.plist; sourceTree = "<group>"; };
		3083D81F286F31DA00307E7D /* Color Extentions.swift */ = {isa = PBXFileReference; lastKnownFileType = sourcecode.swift; path = "Color Extentions.swift"; sourceTree = "<group>"; };
		3083D829286F5C1100307E7D /* BrainViewController.swift */ = {isa = PBXFileReference; lastKnownFileType = sourcecode.swift; path = BrainViewController.swift; sourceTree = "<group>"; };
		3083D82B286F5E1F00307E7D /* EyesViewController.swift */ = {isa = PBXFileReference; lastKnownFileType = sourcecode.swift; path = EyesViewController.swift; sourceTree = "<group>"; };
		3083D82D286F5EF000307E7D /* NoseViewController.swift */ = {isa = PBXFileReference; lastKnownFileType = sourcecode.swift; path = NoseViewController.swift; sourceTree = "<group>"; };
		3083D82F286F5F6700307E7D /* MouthViewController.swift */ = {isa = PBXFileReference; lastKnownFileType = sourcecode.swift; path = MouthViewController.swift; sourceTree = "<group>"; };
/* End PBXFileReference section */

/* Begin PBXFrameworksBuildPhase section */
		3083D805286F296300307E7D /* Frameworks */ = {
			isa = PBXFrameworksBuildPhase;
			buildActionMask = 2147483647;
			files = (
			);
			runOnlyForDeploymentPostprocessing = 0;
		};
/* End PBXFrameworksBuildPhase section */

/* Begin PBXGroup section */
		3083D7FF286F296300307E7D = {
			isa = PBXGroup;
			children = (
				3083D80A286F296300307E7D /* Custom TabBar */,
				3083D809286F296300307E7D /* Products */,
			);
			sourceTree = "<group>";
		};
		3083D809286F296300307E7D /* Products */ = {
			isa = PBXGroup;
			children = (
				3083D808286F296300307E7D /* Custom TabBar.app */,
			);
			name = Products;
			sourceTree = "<group>";
		};
		3083D80A286F296300307E7D /* Custom TabBar */ = {
			isa = PBXGroup;
			children = (
				3083D80F286F296300307E7D /* MainTabBarViewController.swift */,
				3083D82F286F5F6700307E7D /* MouthViewController.swift */,
				3083D82D286F5EF000307E7D /* NoseViewController.swift */,
				3083D82B286F5E1F00307E7D /* EyesViewController.swift */,
				3083D829286F5C1100307E7D /* BrainViewController.swift */,
				3083D81F286F31DA00307E7D /* Color Extentions.swift */,
				3083D80D286F296300307E7D /* SceneDelegate.swift */,
				3083D80B286F296300307E7D /* AppDelegate.swift */,
				3083D814286F296600307E7D /* Assets.xcassets */,
				3083D816286F296600307E7D /* LaunchScreen.storyboard */,
				3083D819286F296600307E7D /* Info.plist */,
			);
			path = "Custom TabBar";
			sourceTree = "<group>";
		};
/* End PBXGroup section */

/* Begin PBXNativeTarget section */
		3083D807286F296300307E7D /* Custom TabBar */ = {
			isa = PBXNativeTarget;
			buildConfigurationList = 3083D81C286F296600307E7D /* Build configuration list for PBXNativeTarget "Custom TabBar" */;
			buildPhases = (
				3083D804286F296300307E7D /* Sources */,
				3083D805286F296300307E7D /* Frameworks */,
				3083D806286F296300307E7D /* Resources */,
			);
			buildRules = (
			);
			dependencies = (
			);
			name = "Custom TabBar";
			productName = "Custom TabBar";
			productReference = 3083D808286F296300307E7D /* Custom TabBar.app */;
			productType = "com.apple.product-type.application";
		};
/* End PBXNativeTarget section */

/* Begin PBXProject section */
		3083D800286F296300307E7D /* Project object */ = {
			isa = PBXProject;
			attributes = {
				BuildIndependentTargetsInParallel = 1;
				LastSwiftUpdateCheck = 1340;
				LastUpgradeCheck = 1340;
				TargetAttributes = {
					3083D807286F296300307E7D = {
						CreatedOnToolsVersion = 13.4.1;
					};
				};
			};
			buildConfigurationList = 3083D803286F296300307E7D /* Build configuration list for PBXProject "Custom TabBar" */;
			compatibilityVersion = "Xcode 13.0";
			developmentRegion = en;
			hasScannedForEncodings = 0;
			knownRegions = (
				en,
				Base,
			);
			mainGroup = 3083D7FF286F296300307E7D;
			productRefGroup = 3083D809286F296300307E7D /* Products */;
			projectDirPath = "";
			projectRoot = "";
			targets = (
				3083D807286F296300307E7D /* Custom TabBar */,
			);
		};
/* End PBXProject section */

/* Begin PBXResourcesBuildPhase section */
		3083D806286F296300307E7D /* Resources */ = {
			isa = PBXResourcesBuildPhase;
			buildActionMask = 2147483647;
			files = (
				3083D818286F296600307E7D /* LaunchScreen.storyboard in Resources */,
				3083D815286F296600307E7D /* Assets.xcassets in Resources */,
			);
			runOnlyForDeploymentPostprocessing = 0;
		};
/* End PBXResourcesBuildPhase section */

/* Begin PBXSourcesBuildPhase section */
		3083D804286F296300307E7D /* Sources */ = {
			isa = PBXSourcesBuildPhase;
			buildActionMask = 2147483647;
			files = (
				3083D830286F5F6700307E7D /* MouthViewController.swift in Sources */,
				3083D82C286F5E1F00307E7D /* EyesViewController.swift in Sources */,
				3083D810286F296300307E7D /* MainTabBarViewController.swift in Sources */,
				3083D820286F31DA00307E7D /* Color Extentions.swift in Sources */,
				3083D82A286F5C1100307E7D /* BrainViewController.swift in Sources */,
				3083D80C286F296300307E7D /* AppDelegate.swift in Sources */,
				3083D80E286F296300307E7D /* SceneDelegate.swift in Sources */,
				3083D82E286F5EF000307E7D /* NoseViewController.swift in Sources */,
			);
			runOnlyForDeploymentPostprocessing = 0;
		};
/* End PBXSourcesBuildPhase section */

/* Begin PBXVariantGroup section */
		3083D816286F296600307E7D /* LaunchScreen.storyboard */ = {
			isa = PBXVariantGroup;
			children = (
				3083D817286F296600307E7D /* Base */,
			);
			name = LaunchScreen.storyboard;
			sourceTree = "<group>";
		};
/* End PBXVariantGroup section */

/* Begin XCBuildConfiguration section */
		3083D81A286F296600307E7D /* Debug */ = {
			isa = XCBuildConfiguration;
			buildSettings = {
				ALWAYS_SEARCH_USER_PATHS = NO;
				CLANG_ANALYZER_NONNULL = YES;
				CLANG_ANALYZER_NUMBER_OBJECT_CONVERSION = YES_AGGRESSIVE;
				CLANG_CXX_LANGUAGE_STANDARD = "gnu++17";
				CLANG_ENABLE_MODULES = YES;
				CLANG_ENABLE_OBJC_ARC = YES;
				CLANG_ENABLE_OBJC_WEAK = YES;
				CLANG_WARN_BLOCK_CAPTURE_AUTORELEASING = YES;
				CLANG_WARN_BOOL_CONVERSION = YES;
				CLANG_WARN_COMMA = YES;
				CLANG_WARN_CONSTANT_CONVERSION = YES;
				CLANG_WARN_DEPRECATED_OBJC_IMPLEMENTATIONS = YES;
				CLANG_WARN_DIRECT_OBJC_ISA_USAGE = YES_ERROR;
				CLANG_WARN_DOCUMENTATION_COMMENTS = YES;
				CLANG_WARN_EMPTY_BODY = YES;
				CLANG_WARN_ENUM_CONVERSION = YES;
				CLANG_WARN_INFINITE_RECURSION = YES;
				CLANG_WARN_INT_CONVERSION = YES;
				CLANG_WARN_NON_LITERAL_NULL_CONVERSION = YES;
				CLANG_WARN_OBJC_IMPLICIT_RETAIN_SELF = YES;
				CLANG_WARN_OBJC_LITERAL_CONVERSION = YES;
				CLANG_WARN_OBJC_ROOT_CLASS = YES_ERROR;
				CLANG_WARN_QUOTED_INCLUDE_IN_FRAMEWORK_HEADER = YES;
				CLANG_WARN_RANGE_LOOP_ANALYSIS = YES;
				CLANG_WARN_STRICT_PROTOTYPES = YES;
				CLANG_WARN_SUSPICIOUS_MOVE = YES;
				CLANG_WARN_UNGUARDED_AVAILABILITY = YES_AGGRESSIVE;
				CLANG_WARN_UNREACHABLE_CODE = YES;
				CLANG_WARN__DUPLICATE_METHOD_MATCH = YES;
				COPY_PHASE_STRIP = NO;
				DEBUG_INFORMATION_FORMAT = dwarf;
				ENABLE_STRICT_OBJC_MSGSEND = YES;
				ENABLE_TESTABILITY = YES;
				GCC_C_LANGUAGE_STANDARD = gnu11;
				GCC_DYNAMIC_NO_PIC = NO;
				GCC_NO_COMMON_BLOCKS = YES;
				GCC_OPTIMIZATION_LEVEL = 0;
				GCC_PREPROCESSOR_DEFINITIONS = (
					"DEBUG=1",
					"$(inherited)",
				);
				GCC_WARN_64_TO_32_BIT_CONVERSION = YES;
				GCC_WARN_ABOUT_RETURN_TYPE = YES_ERROR;
				GCC_WARN_UNDECLARED_SELECTOR = YES;
				GCC_WARN_UNINITIALIZED_AUTOS = YES_AGGRESSIVE;
				GCC_WARN_UNUSED_FUNCTION = YES;
				GCC_WARN_UNUSED_VARIABLE = YES;
				IPHONEOS_DEPLOYMENT_TARGET = 15.5;
				MTL_ENABLE_DEBUG_INFO = INCLUDE_SOURCE;
				MTL_FAST_MATH = YES;
				ONLY_ACTIVE_ARCH = YES;
				SDKROOT = iphoneos;
				SWIFT_ACTIVE_COMPILATION_CONDITIONS = DEBUG;
				SWIFT_OPTIMIZATION_LEVEL = "-Onone";
			};
			name = Debug;
		};
		3083D81B286F296600307E7D /* Release */ = {
			isa = XCBuildConfiguration;
			buildSettings = {
				ALWAYS_SEARCH_USER_PATHS = NO;
				CLANG_ANALYZER_NONNULL = YES;
				CLANG_ANALYZER_NUMBER_OBJECT_CONVERSION = YES_AGGRESSIVE;
				CLANG_CXX_LANGUAGE_STANDARD = "gnu++17";
				CLANG_ENABLE_MODULES = YES;
				CLANG_ENABLE_OBJC_ARC = YES;
				CLANG_ENABLE_OBJC_WEAK = YES;
				CLANG_WARN_BLOCK_CAPTURE_AUTORELEASING = YES;
				CLANG_WARN_BOOL_CONVERSION = YES;
				CLANG_WARN_COMMA = YES;
				CLANG_WARN_CONSTANT_CONVERSION = YES;
				CLANG_WARN_DEPRECATED_OBJC_IMPLEMENTATIONS = YES;
				CLANG_WARN_DIRECT_OBJC_ISA_USAGE = YES_ERROR;
				CLANG_WARN_DOCUMENTATION_COMMENTS = YES;
				CLANG_WARN_EMPTY_BODY = YES;
				CLANG_WARN_ENUM_CONVERSION = YES;
				CLANG_WARN_INFINITE_RECURSION = YES;
				CLANG_WARN_INT_CONVERSION = YES;
				CLANG_WARN_NON_LITERAL_NULL_CONVERSION = YES;
				CLANG_WARN_OBJC_IMPLICIT_RETAIN_SELF = YES;
				CLANG_WARN_OBJC_LITERAL_CONVERSION = YES;
				CLANG_WARN_OBJC_ROOT_CLASS = YES_ERROR;
				CLANG_WARN_QUOTED_INCLUDE_IN_FRAMEWORK_HEADER = YES;
				CLANG_WARN_RANGE_LOOP_ANALYSIS = YES;
				CLANG_WARN_STRICT_PROTOTYPES = YES;
				CLANG_WARN_SUSPICIOUS_MOVE = YES;
				CLANG_WARN_UNGUARDED_AVAILABILITY = YES_AGGRESSIVE;
				CLANG_WARN_UNREACHABLE_CODE = YES;
				CLANG_WARN__DUPLICATE_METHOD_MATCH = YES;
				COPY_PHASE_STRIP = NO;
				DEBUG_INFORMATION_FORMAT = "dwarf-with-dsym";
				ENABLE_NS_ASSERTIONS = NO;
				ENABLE_STRICT_OBJC_MSGSEND = YES;
				GCC_C_LANGUAGE_STANDARD = gnu11;
				GCC_NO_COMMON_BLOCKS = YES;
				GCC_WARN_64_TO_32_BIT_CONVERSION = YES;
				GCC_WARN_ABOUT_RETURN_TYPE = YES_ERROR;
				GCC_WARN_UNDECLARED_SELECTOR = YES;
				GCC_WARN_UNINITIALIZED_AUTOS = YES_AGGRESSIVE;
				GCC_WARN_UNUSED_FUNCTION = YES;
				GCC_WARN_UNUSED_VARIABLE = YES;
				IPHONEOS_DEPLOYMENT_TARGET = 15.5;
				MTL_ENABLE_DEBUG_INFO = NO;
				MTL_FAST_MATH = YES;
				SDKROOT = iphoneos;
				SWIFT_COMPILATION_MODE = wholemodule;
				SWIFT_OPTIMIZATION_LEVEL = "-O";
				VALIDATE_PRODUCT = YES;
			};
			name = Release;
		};
		3083D81D286F296600307E7D /* Debug */ = {
			isa = XCBuildConfiguration;
			buildSettings = {
				ASSETCATALOG_COMPILER_APPICON_NAME = AppIcon;
				ASSETCATALOG_COMPILER_GLOBAL_ACCENT_COLOR_NAME = AccentColor;
				CODE_SIGN_STYLE = Automatic;
				CURRENT_PROJECT_VERSION = 1;
				GENERATE_INFOPLIST_FILE = YES;
				INFOPLIST_FILE = "Custom TabBar/Info.plist";
				INFOPLIST_KEY_UIApplicationSupportsIndirectInputEvents = YES;
				INFOPLIST_KEY_UILaunchStoryboardName = LaunchScreen;
				INFOPLIST_KEY_UISupportedInterfaceOrientations_iPad = "UIInterfaceOrientationPortrait UIInterfaceOrientationPortraitUpsideDown UIInterfaceOrientationLandscapeLeft UIInterfaceOrientationLandscapeRight";
				INFOPLIST_KEY_UISupportedInterfaceOrientations_iPhone = "UIInterfaceOrientationPortrait UIInterfaceOrientationLandscapeLeft UIInterfaceOrientationLandscapeRight";
				LD_RUNPATH_SEARCH_PATHS = (
					"$(inherited)",
					"@executable_path/Frameworks",
				);
				MARKETING_VERSION = 1.0;
				PRODUCT_BUNDLE_IDENTIFIER = "Ungros.Custom-TabBar";
				PRODUCT_NAME = "$(TARGET_NAME)";
				SWIFT_EMIT_LOC_STRINGS = YES;
				SWIFT_VERSION = 5.0;
				TARGETED_DEVICE_FAMILY = "1,2";
			};
			name = Debug;
		};
		3083D81E286F296600307E7D /* Release */ = {
			isa = XCBuildConfiguration;
			buildSettings = {
				ASSETCATALOG_COMPILER_APPICON_NAME = AppIcon;
				ASSETCATALOG_COMPILER_GLOBAL_ACCENT_COLOR_NAME = AccentColor;
				CODE_SIGN_STYLE = Automatic;
				CURRENT_PROJECT_VERSION = 1;
				GENERATE_INFOPLIST_FILE = YES;
				INFOPLIST_FILE = "Custom TabBar/Info.plist";
				INFOPLIST_KEY_UIApplicationSupportsIndirectInputEvents = YES;
				INFOPLIST_KEY_UILaunchStoryboardName = LaunchScreen;
				INFOPLIST_KEY_UISupportedInterfaceOrientations_iPad = "UIInterfaceOrientationPortrait UIInterfaceOrientationPortraitUpsideDown UIInterfaceOrientationLandscapeLeft UIInterfaceOrientationLandscapeRight";
				INFOPLIST_KEY_UISupportedInterfaceOrientations_iPhone = "UIInterfaceOrientationPortrait UIInterfaceOrientationLandscapeLeft UIInterfaceOrientationLandscapeRight";
				LD_RUNPATH_SEARCH_PATHS = (
					"$(inherited)",
					"@executable_path/Frameworks",
				);
				MARKETING_VERSION = 1.0;
				PRODUCT_BUNDLE_IDENTIFIER = "Ungros.Custom-TabBar";
				PRODUCT_NAME = "$(TARGET_NAME)";
				SWIFT_EMIT_LOC_STRINGS = YES;
				SWIFT_VERSION = 5.0;
				TARGETED_DEVICE_FAMILY = "1,2";
			};
			name = Release;
		};
/* End XCBuildConfiguration section */

/* Begin XCConfigurationList section */
		3083D803286F296300307E7D /* Build configuration list for PBXProject "Custom TabBar" */ = {
			isa = XCConfigurationList;
			buildConfigurations = (
				3083D81A286F296600307E7D /* Debug */,
				3083D81B286F296600307E7D /* Release */,
			);
			defaultConfigurationIsVisible = 0;
			defaultConfigurationName = Release;
		};
		3083D81C286F296600307E7D /* Build configuration list for PBXNativeTarget "Custom TabBar" */ = {
			isa = XCConfigurationList;
			buildConfigurations = (
				3083D81D286F296600307E7D /* Debug */,
				3083D81E286F296600307E7D /* Release */,
			);
			defaultConfigurationIsVisible = 0;
			defaultConfigurationName = Release;
		};
/* End XCConfigurationList section */
	};
	rootObject = 3083D800286F296300307E7D /* Project object */;
}
